
Microsoft Visual Studio Solution File, Format Version 12.00
# Visual Studio 15
VisualStudioVersion = 15.0.27428.2037
MinimumVisualStudioVersion = 10.0.40219.1
Project("{FAE04EC0-301F-11D3-BF4B-00C04F79EFBC}") = "my-app", "my-app\my-app.csproj", "{9ED25D99-AF9D-441F-919A-8BC48AFD13B9}"
EndProject
Global
	GlobalSection(SolutionConfigurationPlatforms) = preSolution
		Debug|Any CPU = Debug|Any CPU
		Release|Any CPU = Release|Any CPU
	EndGlobalSection
	GlobalSection(ProjectConfigurationPlatforms) = postSolution
		{9ED25D99-AF9D-441F-919A-8BC48AFD13B9}.Debug|Any CPU.ActiveCfg = Debug|Any CPU
		{9ED25D99-AF9D-441F-919A-8BC48AFD13B9}.Debug|Any CPU.Build.0 = Debug|Any CPU
		{9ED25D99-AF9D-441F-919A-8BC48AFD13B9}.Release|Any CPU.ActiveCfg = Release|Any CPU
		{9ED25D99-AF9D-441F-919A-8BC48AFD13B9}.Release|Any CPU.Build.0 = Release|Any CPU
	EndGlobalSection
	GlobalSection(SolutionProperties) = preSolution
		HideSolutionNode = FALSE
	EndGlobalSection
	GlobalSection(ExtensibilityGlobals) = postSolution
		SolutionGuid = {2DE5ACF4-AC9C-4BA4-9D59-2F6C11494B88}
	EndGlobalSection
EndGlobal
